Microsoft Visual Studio Solution File, Format Version 12.00
# Visual Studio Version 17
VisualStudioVersion = 17.5.2.0
MinimumVisualStudioVersion = 10.0.40219.1
Project("{FAE04EC0-301F-11D3-BF4B-00C04F79EFBC}") = "upstage", "upstage.csproj", "{A987D4A9-F628-0DE7-37CA-65B523D74755}"
EndProject
Global
	GlobalSection(SolutionConfigurationPlatforms) = preSolution
		Debug|Any CPU = Debug|Any CPU
		Release|Any CPU = Release|Any CPU
	EndGlobalSection
	GlobalSection(ProjectConfigurationPlatforms) = postSolution
		{A987D4A9-F628-0DE7-37CA-65B523D74755}.Debug|Any CPU.ActiveCfg = Debug|Any CPU
		{A987D4A9-F628-0DE7-37CA-65B523D74755}.Debug|Any CPU.Build.0 = Debug|Any CPU
		{A987D4A9-F628-0DE7-37CA-65B523D74755}.Release|Any CPU.ActiveCfg = Release|Any CPU
		{A987D4A9-F628-0DE7-37CA-65B523D74755}.Release|Any CPU.Build.0 = Release|Any CPU
	EndGlobalSection
	GlobalSection(SolutionProperties) = preSolution
		HideSolutionNode = FALSE
	EndGlobalSection
	GlobalSection(ExtensibilityGlobals) = postSolution
		SolutionGuid = {CF82C30C-07B6-4EA6-B69F-3A095979F4F1}
	EndGlobalSection
EndGlobal
